
Microsoft Visual Studio Solution File, Format Version 12.00
# Visual Studio Version 17
VisualStudioVersion = 17.9.34728.123
MinimumVisualStudioVersion = 10.0.40219.1
Project("{FAE04EC0-301F-11D3-BF4B-00C04F79EFBC}") = "DelegateMethodHeaderBuilder", "DelegateMethodHeaderBuilder.csproj", "{3B163D7A-7A60-41E7-A360-2D96787A31AE}"
EndProject
Global
	GlobalSection(SolutionConfigurationPlatforms) = preSolution
		Debug|Any CPU = Debug|Any CPU
		Release|Any CPU = Release|Any CPU
	EndGlobalSection
	GlobalSection(ProjectConfigurationPlatforms) = postSolution
		{3B163D7A-7A60-41E7-A360-2D96787A31AE}.Debug|Any CPU.ActiveCfg = Debug|Any CPU
		{3B163D7A-7A60-41E7-A360-2D96787A31AE}.Debug|Any CPU.Build.0 = Debug|Any CPU
		{3B163D7A-7A60-41E7-A360-2D96787A31AE}.Release|Any CPU.ActiveCfg = Release|Any CPU
		{3B163D7A-7A60-41E7-A360-2D96787A31AE}.Release|Any CPU.Build.0 = Release|Any CPU
	EndGlobalSection
	GlobalSection(SolutionProperties) = preSolution
		HideSolutionNode = FALSE
	EndGlobalSection
	GlobalSection(ExtensibilityGlobals) = postSolution
		SolutionGuid = {6F143FC4-8899-4591-AEC3-3A3BA575DF50}
	EndGlobalSection
EndGlobal
